
Microsoft Visual Studio Solution File, Format Version 12.00
# Visual Studio Version 17
VisualStudioVersion = 17.0.32112.339
MinimumVisualStudioVersion = 10.0.40219.1
Project("{FAE04EC0-301F-11D3-BF4B-00C04F79EFBC}") = "TCPIPDemo", "TCPIPDemo\TCPIPDemo.csproj", "{58BC293C-4FAE-46F5-BF52-83FB165DB262}"
EndProject
Project("{FAE04EC0-301F-11D3-BF4B-00C04F79EFBC}") = "Client", "Client\Client.csproj", "{2511A509-3807-49EF-B071-02D030C25D50}"
EndProject
Global
	GlobalSection(SolutionConfigurationPlatforms) = preSolution
		Debug|Any CPU = Debug|Any CPU
		Release|Any CPU = Release|Any CPU
	EndGlobalSection
	GlobalSection(ProjectConfigurationPlatforms) = postSolution
		{58BC293C-4FAE-46F5-BF52-83FB165DB262}.Debug|Any CPU.ActiveCfg = Debug|Any CPU
		{58BC293C-4FAE-46F5-BF52-83FB165DB262}.Debug|Any CPU.Build.0 = Debug|Any CPU
		{58BC293C-4FAE-46F5-BF52-83FB165DB262}.Release|Any CPU.ActiveCfg = Release|Any CPU
		{58BC293C-4FAE-46F5-BF52-83FB165DB262}.Release|Any CPU.Build.0 = Release|Any CPU
		{2511A509-3807-49EF-B071-02D030C25D50}.Debug|Any CPU.ActiveCfg = Debug|Any CPU
		{2511A509-3807-49EF-B071-02D030C25D50}.Debug|Any CPU.Build.0 = Debug|Any CPU
		{2511A509-3807-49EF-B071-02D030C25D50}.Release|Any CPU.ActiveCfg = Release|Any CPU
		{2511A509-3807-49EF-B071-02D030C25D50}.Release|Any CPU.Build.0 = Release|Any CPU
	EndGlobalSection
	GlobalSection(SolutionProperties) = preSolution
		HideSolutionNode = FALSE
	EndGlobalSection
	GlobalSection(ExtensibilityGlobals) = postSolution
		SolutionGuid = {66C166A2-9173-4831-A879-35B95C1E479B}
	EndGlobalSection
EndGlobal
