
Microsoft Visual Studio Solution File, Format Version 12.00
# Visual Studio 15
VisualStudioVersion = 15.0.28307.2092
MinimumVisualStudioVersion = 10.0.40219.1
Project("{2150E333-8FDC-42A3-9474-1A3956D46DE8}") = "Source", "Source", "{D7A6F435-D4C5-409A-B7CA-0A9934726291}"
EndProject
Project("{FAE04EC0-301F-11D3-BF4B-00C04F79EFBC}") = "SYS.Utilities", "Components\SYS.Utilities\SYS.Utilities.csproj", "{6AED8C2E-AF72-4AFF-80DB-694226237CAC}"
EndProject
Project("{FAE04EC0-301F-11D3-BF4B-00C04F79EFBC}") = "SYS.Utilities.Data", "Components\SYS.Utilities.Data\SYS.Utilities.Data.csproj", "{1A8F080D-B5A4-4421-93B4-395F21796E64}"
EndProject
Project("{FAE04EC0-301F-11D3-BF4B-00C04F79EFBC}") = "SYS.Utilities.Configuration", "Components\SYS.Utilities.Configuration\SYS.Utilities.Configuration.csproj", "{9CE8280E-CBF8-4911-B166-A3BF814C0F87}"
EndProject
Project("{FAE04EC0-301F-11D3-BF4B-00C04F79EFBC}") = "SYS.Utilities.Logging", "Components\SYS.Utilities.Logging\SYS.Utilities.Logging.csproj", "{1911A6CD-8E5A-4953-A58C-2F499E849196}"
EndProject
Project("{FAE04EC0-301F-11D3-BF4B-00C04F79EFBC}") = "SYS.Utilities.Security", "Components\SYS.Utilities.Security\SYS.Utilities.Security.csproj", "{B0358367-83FD-47DC-9824-9B675EA5545F}"
EndProject
Global
	GlobalSection(SolutionConfigurationPlatforms) = preSolution
		Debug|Any CPU = Debug|Any CPU
		Release|Any CPU = Release|Any CPU
	EndGlobalSection
	GlobalSection(ProjectConfigurationPlatforms) = postSolution
		{6AED8C2E-AF72-4AFF-80DB-694226237CAC}.Debug|Any CPU.ActiveCfg = Debug|Any CPU
		{6AED8C2E-AF72-4AFF-80DB-694226237CAC}.Debug|Any CPU.Build.0 = Debug|Any CPU
		{6AED8C2E-AF72-4AFF-80DB-694226237CAC}.Release|Any CPU.ActiveCfg = Release|Any CPU
		{6AED8C2E-AF72-4AFF-80DB-694226237CAC}.Release|Any CPU.Build.0 = Release|Any CPU
		{1A8F080D-B5A4-4421-93B4-395F21796E64}.Debug|Any CPU.ActiveCfg = Debug|Any CPU
		{1A8F080D-B5A4-4421-93B4-395F21796E64}.Debug|Any CPU.Build.0 = Debug|Any CPU
		{1A8F080D-B5A4-4421-93B4-395F21796E64}.Release|Any CPU.ActiveCfg = Release|Any CPU
		{1A8F080D-B5A4-4421-93B4-395F21796E64}.Release|Any CPU.Build.0 = Release|Any CPU
		{9CE8280E-CBF8-4911-B166-A3BF814C0F87}.Debug|Any CPU.ActiveCfg = Debug|Any CPU
		{9CE8280E-CBF8-4911-B166-A3BF814C0F87}.Debug|Any CPU.Build.0 = Debug|Any CPU
		{9CE8280E-CBF8-4911-B166-A3BF814C0F87}.Release|Any CPU.ActiveCfg = Release|Any CPU
		{9CE8280E-CBF8-4911-B166-A3BF814C0F87}.Release|Any CPU.Build.0 = Release|Any CPU
		{1911A6CD-8E5A-4953-A58C-2F499E849196}.Debug|Any CPU.ActiveCfg = Debug|Any CPU
		{1911A6CD-8E5A-4953-A58C-2F499E849196}.Debug|Any CPU.Build.0 = Debug|Any CPU
		{1911A6CD-8E5A-4953-A58C-2F499E849196}.Release|Any CPU.ActiveCfg = Release|Any CPU
		{1911A6CD-8E5A-4953-A58C-2F499E849196}.Release|Any CPU.Build.0 = Release|Any CPU
		{B0358367-83FD-47DC-9824-9B675EA5545F}.Debug|Any CPU.ActiveCfg = Debug|Any CPU
		{B0358367-83FD-47DC-9824-9B675EA5545F}.Debug|Any CPU.Build.0 = Debug|Any CPU
		{B0358367-83FD-47DC-9824-9B675EA5545F}.Release|Any CPU.ActiveCfg = Release|Any CPU
		{B0358367-83FD-47DC-9824-9B675EA5545F}.Release|Any CPU.Build.0 = Release|Any CPU
	EndGlobalSection
	GlobalSection(SolutionProperties) = preSolution
		HideSolutionNode = FALSE
	EndGlobalSection
	GlobalSection(NestedProjects) = preSolution
		{6AED8C2E-AF72-4AFF-80DB-694226237CAC} = {D7A6F435-D4C5-409A-B7CA-0A9934726291}
		{1A8F080D-B5A4-4421-93B4-395F21796E64} = {D7A6F435-D4C5-409A-B7CA-0A9934726291}
		{9CE8280E-CBF8-4911-B166-A3BF814C0F87} = {D7A6F435-D4C5-409A-B7CA-0A9934726291}
		{1911A6CD-8E5A-4953-A58C-2F499E849196} = {D7A6F435-D4C5-409A-B7CA-0A9934726291}
		{B0358367-83FD-47DC-9824-9B675EA5545F} = {D7A6F435-D4C5-409A-B7CA-0A9934726291}
	EndGlobalSection
	GlobalSection(ExtensibilityGlobals) = postSolution
		SolutionGuid = {287ED522-7EAC-4623-B37E-F638DB42BEE3}
	EndGlobalSection
EndGlobal
