
Microsoft Visual Studio Solution File, Format Version 10.00
# Visual Studio 2008
Project("{FAE04EC0-301F-11D3-BF4B-00C04F79EFBC}") = "Darfon.HRMS.Web.SessionManager", "Darfon.HRMS.Web.SessionManager.csproj", "{CDD4E8CA-7851-41C7-A846-11E1007778DE}"
EndProject
Global
	GlobalSection(SolutionConfigurationPlatforms) = preSolution
		Debug|Any CPU = Debug|Any CPU
		Release|Any CPU = Release|Any CPU
	EndGlobalSection
	GlobalSection(ProjectConfigurationPlatforms) = postSolution
		{CDD4E8CA-7851-41C7-A846-11E1007778DE}.Debug|Any CPU.ActiveCfg = Debug|Any CPU
		{CDD4E8CA-7851-41C7-A846-11E1007778DE}.Debug|Any CPU.Build.0 = Debug|Any CPU
		{CDD4E8CA-7851-41C7-A846-11E1007778DE}.Release|Any CPU.ActiveCfg = Release|Any CPU
		{CDD4E8CA-7851-41C7-A846-11E1007778DE}.Release|Any CPU.Build.0 = Release|Any CPU
	EndGlobalSection
	GlobalSection(SolutionProperties) = preSolution
		HideSolutionNode = FALSE
	EndGlobalSection
EndGlobal
